
Microsoft Visual Studio Solution File, Format Version 12.00
# Visual Studio Version 17
VisualStudioVersion = 17.2.32630.192
MinimumVisualStudioVersion = 10.0.40219.1
Project("{FAE04EC0-301F-11D3-BF4B-00C04F79EFBC}") = "DigitalClock", "DigitalClock\DigitalClock.csproj", "{78139740-2A81-4CEF-B5A9-93FCFDE6E769}"
EndProject
Global
	GlobalSection(SolutionConfigurationPlatforms) = preSolution
		Debug|Any CPU = Debug|Any CPU
		Release|Any CPU = Release|Any CPU
	EndGlobalSection
	GlobalSection(ProjectConfigurationPlatforms) = postSolution
		{78139740-2A81-4CEF-B5A9-93FCFDE6E769}.Debug|Any CPU.ActiveCfg = Debug|Any CPU
		{78139740-2A81-4CEF-B5A9-93FCFDE6E769}.Debug|Any CPU.Build.0 = Debug|Any CPU
		{78139740-2A81-4CEF-B5A9-93FCFDE6E769}.Release|Any CPU.ActiveCfg = Release|Any CPU
		{78139740-2A81-4CEF-B5A9-93FCFDE6E769}.Release|Any CPU.Build.0 = Release|Any CPU
	EndGlobalSection
	GlobalSection(SolutionProperties) = preSolution
		HideSolutionNode = FALSE
	EndGlobalSection
	GlobalSection(ExtensibilityGlobals) = postSolution
		SolutionGuid = {AB664A67-36A8-4A6B-B370-1C9650F073BC}
	EndGlobalSection
EndGlobal
